
Microsoft Visual Studio Solution File, Format Version 12.00
# Visual Studio 15
VisualStudioVersion = 15.0.28010.2026
MinimumVisualStudioVersion = 10.0.40219.1
Project("{FAE04EC0-301F-11D3-BF4B-00C04F79EFBC}") = "FormAuth", "FormAuth\FormAuth.csproj", "{6C9374B5-CFB8-4DB6-8A64-E3D11FD14271}"
EndProject
Global
	GlobalSection(SolutionConfigurationPlatforms) = preSolution
		Debug|Any CPU = Debug|Any CPU
		Release|Any CPU = Release|Any CPU
	EndGlobalSection
	GlobalSection(ProjectConfigurationPlatforms) = postSolution
		{6C9374B5-CFB8-4DB6-8A64-E3D11FD14271}.Debug|Any CPU.ActiveCfg = Debug|Any CPU
		{6C9374B5-CFB8-4DB6-8A64-E3D11FD14271}.Debug|Any CPU.Build.0 = Debug|Any CPU
		{6C9374B5-CFB8-4DB6-8A64-E3D11FD14271}.Release|Any CPU.ActiveCfg = Release|Any CPU
		{6C9374B5-CFB8-4DB6-8A64-E3D11FD14271}.Release|Any CPU.Build.0 = Release|Any CPU
	EndGlobalSection
	GlobalSection(SolutionProperties) = preSolution
		HideSolutionNode = FALSE
	EndGlobalSection
	GlobalSection(ExtensibilityGlobals) = postSolution
		SolutionGuid = {09033B63-4ADD-4998-86E4-915B808A823C}
	EndGlobalSection
EndGlobal
